
Microsoft Visual Studio Solution File, Format Version 12.00
# Visual Studio 15
VisualStudioVersion = 15.0.28307.1433
MinimumVisualStudioVersion = 10.0.40219.1
Project("{FAE04EC0-301F-11D3-BF4B-00C04F79EFBC}") = "ReportsPlus", "ReportsPlus\ReportsPlus.csproj", "{C2B032AB-8A15-4267-9146-58C678A09F99}"
EndProject
Global
	GlobalSection(SolutionConfigurationPlatforms) = preSolution
		Debug|Any CPU = Debug|Any CPU
		Release|Any CPU = Release|Any CPU
	EndGlobalSection
	GlobalSection(ProjectConfigurationPlatforms) = postSolution
		{C2B032AB-8A15-4267-9146-58C678A09F99}.Debug|Any CPU.ActiveCfg = Debug|Any CPU
		{C2B032AB-8A15-4267-9146-58C678A09F99}.Debug|Any CPU.Build.0 = Debug|Any CPU
		{C2B032AB-8A15-4267-9146-58C678A09F99}.Release|Any CPU.ActiveCfg = Release|Any CPU
		{C2B032AB-8A15-4267-9146-58C678A09F99}.Release|Any CPU.Build.0 = Release|Any CPU
	EndGlobalSection
	GlobalSection(SolutionProperties) = preSolution
		HideSolutionNode = FALSE
	EndGlobalSection
	GlobalSection(ExtensibilityGlobals) = postSolution
		SolutionGuid = {AC0B07F1-FADC-4047-84D4-64878C6E64B5}
	EndGlobalSection
EndGlobal
